
Microsoft Visual Studio Solution File, Format Version 12.00
# Visual Studio Version 17
VisualStudioVersion = 17.14.36301.6
MinimumVisualStudioVersion = 10.0.40219.1
Project("{FAE04EC0-301F-11D3-BF4B-00C04F79EFBC}") = "ChatBotAI.Infrastructure", "ChatBotAI.Infrastructure\ChatBotAI.Infrastructure.csproj", "{9A29E26B-15E5-465C-B4A6-BAE8D8F212D7}"
EndProject
Project("{FAE04EC0-301F-11D3-BF4B-00C04F79EFBC}") = "ChatBotAI.Application", "ChatBotAI.Application\ChatBotAI.Application.csproj", "{29F16A88-66C8-4EB2-BFEA-12301FEA2622}"
EndProject
Project("{FAE04EC0-301F-11D3-BF4B-00C04F79EFBC}") = "ChatBotAI.Domain", "ChatBotAI.Domain\ChatBotAI.Domain.csproj", "{F183212A-FF62-4E0E-9329-423CC367DAA1}"
EndProject
Project("{FAE04EC0-301F-11D3-BF4B-00C04F79EFBC}") = "ChatBotAI.API", "ChatBotAI.API\ChatBotAI.API.csproj", "{3E7AFE22-5194-3774-3189-46B54EDBC5E6}"
EndProject
Project("{FAE04EC0-301F-11D3-BF4B-00C04F79EFBC}") = "ChatBotAI.Api.Core", "ChatBotAI.Api.Core\ChatBotAI.Api.Core.csproj", "{2CA30500-5C6A-4DED-A105-7F7D7392A78E}"
EndProject
Project("{FAE04EC0-301F-11D3-BF4B-00C04F79EFBC}") = "ChatBotAI.Application.Core", "ChatBotAI.Application.Core\ChatBotAI.Application.Core.csproj", "{1993EEA5-9098-4DDD-8950-2CB3ACCC30A6}"
EndProject
Project("{FAE04EC0-301F-11D3-BF4B-00C04F79EFBC}") = "ChatBotAI.Infrastructure.Core", "ChatBotAI.Infrastructure.Core\ChatBotAI.Infrastructure.Core.csproj", "{75A1BBA4-65EE-4CA2-B371-8FD5E644F7BD}"
EndProject
Global
	GlobalSection(SolutionConfigurationPlatforms) = preSolution
		Debug|Any CPU = Debug|Any CPU
		Release|Any CPU = Release|Any CPU
	EndGlobalSection
	GlobalSection(ProjectConfigurationPlatforms) = postSolution
		{9A29E26B-15E5-465C-B4A6-BAE8D8F212D7}.Debug|Any CPU.ActiveCfg = Debug|Any CPU
		{9A29E26B-15E5-465C-B4A6-BAE8D8F212D7}.Debug|Any CPU.Build.0 = Debug|Any CPU
		{9A29E26B-15E5-465C-B4A6-BAE8D8F212D7}.Release|Any CPU.ActiveCfg = Release|Any CPU
		{9A29E26B-15E5-465C-B4A6-BAE8D8F212D7}.Release|Any CPU.Build.0 = Release|Any CPU
		{29F16A88-66C8-4EB2-BFEA-12301FEA2622}.Debug|Any CPU.ActiveCfg = Debug|Any CPU
		{29F16A88-66C8-4EB2-BFEA-12301FEA2622}.Debug|Any CPU.Build.0 = Debug|Any CPU
		{29F16A88-66C8-4EB2-BFEA-12301FEA2622}.Release|Any CPU.ActiveCfg = Release|Any CPU
		{29F16A88-66C8-4EB2-BFEA-12301FEA2622}.Release|Any CPU.Build.0 = Release|Any CPU
		{F183212A-FF62-4E0E-9329-423CC367DAA1}.Debug|Any CPU.ActiveCfg = Debug|Any CPU
		{F183212A-FF62-4E0E-9329-423CC367DAA1}.Debug|Any CPU.Build.0 = Debug|Any CPU
		{F183212A-FF62-4E0E-9329-423CC367DAA1}.Release|Any CPU.ActiveCfg = Release|Any CPU
		{F183212A-FF62-4E0E-9329-423CC367DAA1}.Release|Any CPU.Build.0 = Release|Any CPU
		{3E7AFE22-5194-3774-3189-46B54EDBC5E6}.Debug|Any CPU.ActiveCfg = Debug|Any CPU
		{3E7AFE22-5194-3774-3189-46B54EDBC5E6}.Debug|Any CPU.Build.0 = Debug|Any CPU
		{3E7AFE22-5194-3774-3189-46B54EDBC5E6}.Release|Any CPU.ActiveCfg = Release|Any CPU
		{3E7AFE22-5194-3774-3189-46B54EDBC5E6}.Release|Any CPU.Build.0 = Release|Any CPU
		{2CA30500-5C6A-4DED-A105-7F7D7392A78E}.Debug|Any CPU.ActiveCfg = Debug|Any CPU
		{2CA30500-5C6A-4DED-A105-7F7D7392A78E}.Debug|Any CPU.Build.0 = Debug|Any CPU
		{2CA30500-5C6A-4DED-A105-7F7D7392A78E}.Release|Any CPU.ActiveCfg = Release|Any CPU
		{2CA30500-5C6A-4DED-A105-7F7D7392A78E}.Release|Any CPU.Build.0 = Release|Any CPU
		{1993EEA5-9098-4DDD-8950-2CB3ACCC30A6}.Debug|Any CPU.ActiveCfg = Debug|Any CPU
		{1993EEA5-9098-4DDD-8950-2CB3ACCC30A6}.Debug|Any CPU.Build.0 = Debug|Any CPU
		{1993EEA5-9098-4DDD-8950-2CB3ACCC30A6}.Release|Any CPU.ActiveCfg = Release|Any CPU
		{1993EEA5-9098-4DDD-8950-2CB3ACCC30A6}.Release|Any CPU.Build.0 = Release|Any CPU
		{75A1BBA4-65EE-4CA2-B371-8FD5E644F7BD}.Debug|Any CPU.ActiveCfg = Debug|Any CPU
		{75A1BBA4-65EE-4CA2-B371-8FD5E644F7BD}.Debug|Any CPU.Build.0 = Debug|Any CPU
		{75A1BBA4-65EE-4CA2-B371-8FD5E644F7BD}.Release|Any CPU.ActiveCfg = Release|Any CPU
		{75A1BBA4-65EE-4CA2-B371-8FD5E644F7BD}.Release|Any CPU.Build.0 = Release|Any CPU
	EndGlobalSection
	GlobalSection(SolutionProperties) = preSolution
		HideSolutionNode = FALSE
	EndGlobalSection
	GlobalSection(ExtensibilityGlobals) = postSolution
		SolutionGuid = {C05A4383-A344-48C3-B930-8EE9C075DB38}
	EndGlobalSection
EndGlobal
